
Microsoft Visual Studio Solution File, Format Version 12.00
# Visual Studio Version 17
VisualStudioVersion = 17.1.32421.90
MinimumVisualStudioVersion = 10.0.40219.1
Project("{FAE04EC0-301F-11D3-BF4B-00C04F79EFBC}") = "IPcalculator", "IPcalculator\IPcalculator.csproj", "{C4DA3AD8-4738-4A31-88A8-DA9BE3543545}"
EndProject
Global
	GlobalSection(SolutionConfigurationPlatforms) = preSolution
		Debug|Any CPU = Debug|Any CPU
		Release|Any CPU = Release|Any CPU
	EndGlobalSection
	GlobalSection(ProjectConfigurationPlatforms) = postSolution
		{C4DA3AD8-4738-4A31-88A8-DA9BE3543545}.Debug|Any CPU.ActiveCfg = Debug|Any CPU
		{C4DA3AD8-4738-4A31-88A8-DA9BE3543545}.Debug|Any CPU.Build.0 = Debug|Any CPU
		{C4DA3AD8-4738-4A31-88A8-DA9BE3543545}.Release|Any CPU.ActiveCfg = Release|Any CPU
		{C4DA3AD8-4738-4A31-88A8-DA9BE3543545}.Release|Any CPU.Build.0 = Release|Any CPU
	EndGlobalSection
	GlobalSection(SolutionProperties) = preSolution
		HideSolutionNode = FALSE
	EndGlobalSection
	GlobalSection(ExtensibilityGlobals) = postSolution
		SolutionGuid = {56EB7ECD-83EC-43A6-BA9C-A155E1232057}
	EndGlobalSection
EndGlobal
